{
  "name": "MovieLibrary",
  "lockfileVersion": 3,
  "requires": true,
  "packages": {
    "": {
      "dependencies": {
        "@fullcalendar/core": "^6.0.3",
        "@fullcalendar/daygrid": "^6.0.3",
        "@fullcalendar/interaction": "^6.0.3",
        "fullcalendar": "^6.0.3"
      }
    },
    "node_modules/@fullcalendar/core": {
      "version": "6.0.3",
      "resolved": "https://registry.npmjs.org/@fullcalendar/core/-/core-6.0.3.tgz",
      "integrity": "sha512-4REVuYAxqJjXpLhOC0oABap4Xl8gmykCsHgL61Yy3rdCwWVx/SoE5L3hs8ZUCmsRrgSZOzgiH8sle87RaGi8iw==",
      "dependencies": {
        "preact": "^10.0.5"
      }
    },
    "node_modules/@fullcalendar/daygrid": {
      "version": "6.0.3",
      "resolved": "https://registry.npmjs.org/@fullcalendar/daygrid/-/daygrid-6.0.3.tgz",
      "integrity": "sha512-JWWwWRsi1dgTlbXSbqjmBjd9SRN6wuXOvOwcuvW5sZtk77vtuD5DKcqoitOREq4e2P/f2WdMV6812AVSAPRODw==",
      "peerDependencies": {
        "@fullcalendar/core": "~6.0.3"
      }
    },
    "node_modules/@fullcalendar/interaction": {
      "version": "6.0.3",
      "resolved": "https://registry.npmjs.org/@fullcalendar/interaction/-/interaction-6.0.3.tgz",
      "integrity": "sha512-HhYn/nY3wPrUbZuHnQmmqlhMxwrhy8l3LS+D1Iz4LEsNpBTUpC2htyVdWZD52zeD12ks4+T+bTncf4bFwjf4jA==",
      "peerDependencies": {
        "@fullcalendar/core": "~6.0.3"
      }
    },
    "node_modules/@fullcalendar/list": {
      "version": "6.0.3",
      "resolved": "https://registry.npmjs.org/@fullcalendar/list/-/list-6.0.3.tgz",
      "integrity": "sha512-eQu5QXS8vaHjFd2dfxivVcN4lgxpivcIHDcSFM/3lDbCmI4syAder6JwuRJdGb2QX4ej9KSp+rPyGXjzGRdY3A==",
      "peerDependencies": {
        "@fullcalendar/core": "~6.0.3"
      }
    },
    "node_modules/@fullcalendar/timegrid": {
      "version": "6.0.3",
      "resolved": "https://registry.npmjs.org/@fullcalendar/timegrid/-/timegrid-6.0.3.tgz",
      "integrity": "sha512-BCuHQLs5UPfGvGjRO6eYSwxbaFXSprcjFWDHwGsBptd5RItXeDDHgqC8U8qYKEwVwt0DM3RCb55VtlzQLo3CdA==",
      "dependencies": {
        "@fullcalendar/daygrid": "~6.0.3"
      },
      "peerDependencies": {
        "@fullcalendar/core": "~6.0.3"
      }
    },
    "node_modules/fullcalendar": {
      "version": "6.0.3",
      "resolved": "https://registry.npmjs.org/fullcalendar/-/fullcalendar-6.0.3.tgz",
      "integrity": "sha512-j7ifUusTSSbPMfMt8A7V2WBmsc6xVnp4hgGpaReapECYjbrQaUb9AnOSjsSRt5CmDBLjvr7YFcCGivZ3fH8j0w==",
      "dependencies": {
        "@fullcalendar/core": "~6.0.3",
        "@fullcalendar/daygrid": "~6.0.3",
        "@fullcalendar/interaction": "~6.0.3",
        "@fullcalendar/list": "~6.0.3",
        "@fullcalendar/timegrid": "~6.0.3"
      }
    },
    "node_modules/preact": {
      "version": "10.11.3",
      "resolved": "https://registry.npmjs.org/preact/-/preact-10.11.3.tgz",
      "integrity": "sha512-eY93IVpod/zG3uMF22Unl8h9KkrcKIRs2EGar8hwLZZDU1lkjph303V9HZBwufh2s736U6VXuhD109LYqPoffg==",
      "funding": {
        "type": "opencollective",
        "url": "https://opencollective.com/preact"
      }
    }
  }
}
